
Microsoft Visual Studio Solution File, Format Version 12.00
# Visual Studio Version 17
VisualStudioVersion = 17.14.36310.24 d17.14
MinimumVisualStudioVersion = 10.0.40219.1
Project("{FAE04EC0-301F-11D3-BF4B-00C04F79EFBC}") = "LearnTypes", "LearnTypes\LearnTypes.csproj", "{6E46CE91-26BC-4964-85E4-ADA8269028A3}"
EndProject
Project("{2150E333-8FDC-42A3-9474-1A3956D46DE8}") = "Exercises", "Exercises", "{02EA681E-C7D8-13C7-8484-4AC65E1B71E8}"
EndProject
Project("{FAE04EC0-301F-11D3-BF4B-00C04F79EFBC}") = "IntegralExcercise", "IntegralExcercise\IntegralExcercise.csproj", "{DE2DF261-B21E-4DE8-B99B-278123976865}"
EndProject
Project("{FAE04EC0-301F-11D3-BF4B-00C04F79EFBC}") = "Floating-PointTypes", "Floating-PointTypes\Floating-PointTypes.csproj", "{A7531831-B3A0-45EB-83F0-EA6D6505A64B}"
EndProject
Project("{FAE04EC0-301F-11D3-BF4B-00C04F79EFBC}") = "ReferenceTypes", "ReferenceTypes\ReferenceTypes.csproj", "{A06FEBA7-A957-43D2-A21D-2AD81263FE4F}"
EndProject
Project("{FAE04EC0-301F-11D3-BF4B-00C04F79EFBC}") = "DataTypeCastingAndConversion", "DataTypeCastingAndConversion\DataTypeCastingAndConversion.csproj", "{AF47F0AC-FAB4-4144-9A22-9A7DCBA250F3}"
EndProject
Project("{FAE04EC0-301F-11D3-BF4B-00C04F79EFBC}") = "ExamineTheTryParseMethod", "ExamineTheTryParseMethod\ExamineTheTryParseMethod.csproj", "{FD133176-4CC5-401F-8DE3-1FB252ADDBFB}"
EndProject
Project("{FAE04EC0-301F-11D3-BF4B-00C04F79EFBC}") = "CombineStringArrayValues", "CombineStringArrayValues\CombineStringArrayValues.csproj", "{0430F2C4-76BA-456B-B248-5663A064C9DD}"
EndProject
Project("{FAE04EC0-301F-11D3-BF4B-00C04F79EFBC}") = "OutputMathOperations", "OutputMathOperations\OutputMathOperations.csproj", "{5808749B-4AEC-421B-828C-61C10B1DEF40}"
EndProject
Project("{2150E333-8FDC-42A3-9474-1A3956D46DE8}") = "Data Types", "Data Types", "{F4F7782B-DCFE-42B3-858D-FA3128522281}"
EndProject
Project("{2150E333-8FDC-42A3-9474-1A3956D46DE8}") = "Data Type Casting and Conversion", "Data Type Casting and Conversion", "{32220EBE-E6DB-4396-A34F-F1B75E953D81}"
EndProject
Project("{2150E333-8FDC-42A3-9474-1A3956D46DE8}") = "Perform Operations on Arrays", "Perform Operations on Arrays", "{B1ADAD9E-C4BF-44C9-AE63-21759F9E6543}"
EndProject
Project("{FAE04EC0-301F-11D3-BF4B-00C04F79EFBC}") = "SortAndReverse", "SortAndReverse\SortAndReverse.csproj", "{79CCD8EE-79A7-4497-9AAA-9DF2F50D829A}"
EndProject
Project("{FAE04EC0-301F-11D3-BF4B-00C04F79EFBC}") = "ClearAndResizeArray", "ClearAndResizeArray\ClearAndResizeArray.csproj", "{48A081BA-54E3-4800-B41C-31196FBD6D14}"
EndProject
Project("{FAE04EC0-301F-11D3-BF4B-00C04F79EFBC}") = "SplitAndJoinArrays", "SplitAndJoinArrays\SplitAndJoinArrays.csproj", "{83C2E452-7D83-47DD-9393-7FD0895DDBE3}"
EndProject
Project("{FAE04EC0-301F-11D3-BF4B-00C04F79EFBC}") = "ReverseWordsInASentence", "ReverseWordsInASentence\ReverseWordsInASentence.csproj", "{74F968EB-7B70-4711-8154-E08BC0C45DE5}"
EndProject
Project("{FAE04EC0-301F-11D3-BF4B-00C04F79EFBC}") = "ParseStringOfOrders", "ParseStringOfOrders\ParseStringOfOrders.csproj", "{FF209191-13FA-460F-8245-D7CD9AFFE420}"
EndProject
Project("{2150E333-8FDC-42A3-9474-1A3956D46DE8}") = "Formatting Strings", "Formatting Strings", "{D76F18E8-8AA2-433C-998C-ADC315CCCDC0}"
EndProject
Project("{FAE04EC0-301F-11D3-BF4B-00C04F79EFBC}") = "StringFormattingBasics", "StringFormattingBasics\StringFormattingBasics.csproj", "{310A768C-3D41-4300-A0FE-065BE9229A78}"
EndProject
Project("{FAE04EC0-301F-11D3-BF4B-00C04F79EFBC}") = "StringInterpolation", "StringInterpolation\StringInterpolation.csproj", "{5574FFCE-C337-4DFA-9B11-CA2841E1D504}"
EndProject
Project("{FAE04EC0-301F-11D3-BF4B-00C04F79EFBC}") = "PaddingAndAlignment", "PaddingAndAlignment\PaddingAndAlignment.csproj", "{C7D57D45-8B43-4E49-80A0-0A2AFF98DC4D}"
EndProject
Project("{FAE04EC0-301F-11D3-BF4B-00C04F79EFBC}") = "Challenge--StringInterpolationLetter", "Challenge--StringInterpolationLetter\Challenge--StringInterpolationLetter.csproj", "{001F4896-195B-49D6-A6CC-E39AF276C142}"
EndProject
Project("{2150E333-8FDC-42A3-9474-1A3956D46DE8}") = "Modify Content Of Strings", "Modify Content Of Strings", "{0BA4E2DF-BA98-48D8-8B20-2BE955C0CC71}"
EndProject
Project("{FAE04EC0-301F-11D3-BF4B-00C04F79EFBC}") = "IndexOfAndSubStringMethods", "IndexOfAndSubStringMethods\IndexOfAndSubStringMethods.csproj", "{2C4C1352-62D5-47DE-8396-82E72821DEBD}"
EndProject
Project("{FAE04EC0-301F-11D3-BF4B-00C04F79EFBC}") = "IndexOfAndLastIndexOfMethods", "IndexOfAndLastIndexOfMethods\IndexOfAndLastIndexOfMethods.csproj", "{DD2ED98E-102F-412F-B542-31690EF8C866}"
EndProject
Project("{2150E333-8FDC-42A3-9474-1A3956D46DE8}") = "Guided Project", "Guided Project", "{A48765CD-FCB8-405B-9EB1-C22AEFD31ABC}"
EndProject
Project("{FAE04EC0-301F-11D3-BF4B-00C04F79EFBC}") = "Starter", "Guided-project-Work-with-variable-data-in-CSharp-main\Starter\Starter.csproj", "{DB8E69C9-6B45-C2A7-B707-5E0EBBB953E7}"
EndProject
Project("{FAE04EC0-301F-11D3-BF4B-00C04F79EFBC}") = "Final", "Guided-project-Work-with-variable-data-in-CSharp-main\Final\Final.csproj", "{2BB70950-295D-56AF-1E97-C102EB7E7DF9}"
EndProject
Global
	GlobalSection(SolutionConfigurationPlatforms) = preSolution
		Debug|Any CPU = Debug|Any CPU
		Release|Any CPU = Release|Any CPU
	EndGlobalSection
	GlobalSection(ProjectConfigurationPlatforms) = postSolution
		{6E46CE91-26BC-4964-85E4-ADA8269028A3}.Debug|Any CPU.ActiveCfg = Debug|Any CPU
		{6E46CE91-26BC-4964-85E4-ADA8269028A3}.Debug|Any CPU.Build.0 = Debug|Any CPU
		{6E46CE91-26BC-4964-85E4-ADA8269028A3}.Release|Any CPU.ActiveCfg = Release|Any CPU
		{6E46CE91-26BC-4964-85E4-ADA8269028A3}.Release|Any CPU.Build.0 = Release|Any CPU
		{DE2DF261-B21E-4DE8-B99B-278123976865}.Debug|Any CPU.ActiveCfg = Debug|Any CPU
		{DE2DF261-B21E-4DE8-B99B-278123976865}.Debug|Any CPU.Build.0 = Debug|Any CPU
		{DE2DF261-B21E-4DE8-B99B-278123976865}.Release|Any CPU.ActiveCfg = Release|Any CPU
		{DE2DF261-B21E-4DE8-B99B-278123976865}.Release|Any CPU.Build.0 = Release|Any CPU
		{A7531831-B3A0-45EB-83F0-EA6D6505A64B}.Debug|Any CPU.ActiveCfg = Debug|Any CPU
		{A7531831-B3A0-45EB-83F0-EA6D6505A64B}.Debug|Any CPU.Build.0 = Debug|Any CPU
		{A7531831-B3A0-45EB-83F0-EA6D6505A64B}.Release|Any CPU.ActiveCfg = Release|Any CPU
		{A7531831-B3A0-45EB-83F0-EA6D6505A64B}.Release|Any CPU.Build.0 = Release|Any CPU
		{A06FEBA7-A957-43D2-A21D-2AD81263FE4F}.Debug|Any CPU.ActiveCfg = Debug|Any CPU
		{A06FEBA7-A957-43D2-A21D-2AD81263FE4F}.Debug|Any CPU.Build.0 = Debug|Any CPU
		{A06FEBA7-A957-43D2-A21D-2AD81263FE4F}.Release|Any CPU.ActiveCfg = Release|Any CPU
		{A06FEBA7-A957-43D2-A21D-2AD81263FE4F}.Release|Any CPU.Build.0 = Release|Any CPU
		{AF47F0AC-FAB4-4144-9A22-9A7DCBA250F3}.Debug|Any CPU.ActiveCfg = Debug|Any CPU
		{AF47F0AC-FAB4-4144-9A22-9A7DCBA250F3}.Debug|Any CPU.Build.0 = Debug|Any CPU
		{AF47F0AC-FAB4-4144-9A22-9A7DCBA250F3}.Release|Any CPU.ActiveCfg = Release|Any CPU
		{AF47F0AC-FAB4-4144-9A22-9A7DCBA250F3}.Release|Any CPU.Build.0 = Release|Any CPU
		{FD133176-4CC5-401F-8DE3-1FB252ADDBFB}.Debug|Any CPU.ActiveCfg = Debug|Any CPU
		{FD133176-4CC5-401F-8DE3-1FB252ADDBFB}.Debug|Any CPU.Build.0 = Debug|Any CPU
		{FD133176-4CC5-401F-8DE3-1FB252ADDBFB}.Release|Any CPU.ActiveCfg = Release|Any CPU
		{FD133176-4CC5-401F-8DE3-1FB252ADDBFB}.Release|Any CPU.Build.0 = Release|Any CPU
		{0430F2C4-76BA-456B-B248-5663A064C9DD}.Debug|Any CPU.ActiveCfg = Debug|Any CPU
		{0430F2C4-76BA-456B-B248-5663A064C9DD}.Debug|Any CPU.Build.0 = Debug|Any CPU
		{0430F2C4-76BA-456B-B248-5663A064C9DD}.Release|Any CPU.ActiveCfg = Release|Any CPU
		{0430F2C4-76BA-456B-B248-5663A064C9DD}.Release|Any CPU.Build.0 = Release|Any CPU
		{5808749B-4AEC-421B-828C-61C10B1DEF40}.Debug|Any CPU.ActiveCfg = Debug|Any CPU
		{5808749B-4AEC-421B-828C-61C10B1DEF40}.Debug|Any CPU.Build.0 = Debug|Any CPU
		{5808749B-4AEC-421B-828C-61C10B1DEF40}.Release|Any CPU.ActiveCfg = Release|Any CPU
		{5808749B-4AEC-421B-828C-61C10B1DEF40}.Release|Any CPU.Build.0 = Release|Any CPU
		{79CCD8EE-79A7-4497-9AAA-9DF2F50D829A}.Debug|Any CPU.ActiveCfg = Debug|Any CPU
		{79CCD8EE-79A7-4497-9AAA-9DF2F50D829A}.Debug|Any CPU.Build.0 = Debug|Any CPU
		{79CCD8EE-79A7-4497-9AAA-9DF2F50D829A}.Release|Any CPU.ActiveCfg = Release|Any CPU
		{79CCD8EE-79A7-4497-9AAA-9DF2F50D829A}.Release|Any CPU.Build.0 = Release|Any CPU
		{48A081BA-54E3-4800-B41C-31196FBD6D14}.Debug|Any CPU.ActiveCfg = Debug|Any CPU
		{48A081BA-54E3-4800-B41C-31196FBD6D14}.Debug|Any CPU.Build.0 = Debug|Any CPU
		{48A081BA-54E3-4800-B41C-31196FBD6D14}.Release|Any CPU.ActiveCfg = Release|Any CPU
		{48A081BA-54E3-4800-B41C-31196FBD6D14}.Release|Any CPU.Build.0 = Release|Any CPU
		{83C2E452-7D83-47DD-9393-7FD0895DDBE3}.Debug|Any CPU.ActiveCfg = Debug|Any CPU
		{83C2E452-7D83-47DD-9393-7FD0895DDBE3}.Debug|Any CPU.Build.0 = Debug|Any CPU
		{83C2E452-7D83-47DD-9393-7FD0895DDBE3}.Release|Any CPU.ActiveCfg = Release|Any CPU
		{83C2E452-7D83-47DD-9393-7FD0895DDBE3}.Release|Any CPU.Build.0 = Release|Any CPU
		{74F968EB-7B70-4711-8154-E08BC0C45DE5}.Debug|Any CPU.ActiveCfg = Debug|Any CPU
		{74F968EB-7B70-4711-8154-E08BC0C45DE5}.Debug|Any CPU.Build.0 = Debug|Any CPU
		{74F968EB-7B70-4711-8154-E08BC0C45DE5}.Release|Any CPU.ActiveCfg = Release|Any CPU
		{74F968EB-7B70-4711-8154-E08BC0C45DE5}.Release|Any CPU.Build.0 = Release|Any CPU
		{FF209191-13FA-460F-8245-D7CD9AFFE420}.Debug|Any CPU.ActiveCfg = Debug|Any CPU
		{FF209191-13FA-460F-8245-D7CD9AFFE420}.Debug|Any CPU.Build.0 = Debug|Any CPU
		{FF209191-13FA-460F-8245-D7CD9AFFE420}.Release|Any CPU.ActiveCfg = Release|Any CPU
		{FF209191-13FA-460F-8245-D7CD9AFFE420}.Release|Any CPU.Build.0 = Release|Any CPU
		{310A768C-3D41-4300-A0FE-065BE9229A78}.Debug|Any CPU.ActiveCfg = Debug|Any CPU
		{310A768C-3D41-4300-A0FE-065BE9229A78}.Debug|Any CPU.Build.0 = Debug|Any CPU
		{310A768C-3D41-4300-A0FE-065BE9229A78}.Release|Any CPU.ActiveCfg = Release|Any CPU
		{310A768C-3D41-4300-A0FE-065BE9229A78}.Release|Any CPU.Build.0 = Release|Any CPU
		{5574FFCE-C337-4DFA-9B11-CA2841E1D504}.Debug|Any CPU.ActiveCfg = Debug|Any CPU
		{5574FFCE-C337-4DFA-9B11-CA2841E1D504}.Debug|Any CPU.Build.0 = Debug|Any CPU
		{5574FFCE-C337-4DFA-9B11-CA2841E1D504}.Release|Any CPU.ActiveCfg = Release|Any CPU
		{5574FFCE-C337-4DFA-9B11-CA2841E1D504}.Release|Any CPU.Build.0 = Release|Any CPU
		{C7D57D45-8B43-4E49-80A0-0A2AFF98DC4D}.Debug|Any CPU.ActiveCfg = Debug|Any CPU
		{C7D57D45-8B43-4E49-80A0-0A2AFF98DC4D}.Debug|Any CPU.Build.0 = Debug|Any CPU
		{C7D57D45-8B43-4E49-80A0-0A2AFF98DC4D}.Release|Any CPU.ActiveCfg = Release|Any CPU
		{C7D57D45-8B43-4E49-80A0-0A2AFF98DC4D}.Release|Any CPU.Build.0 = Release|Any CPU
		{001F4896-195B-49D6-A6CC-E39AF276C142}.Debug|Any CPU.ActiveCfg = Debug|Any CPU
		{001F4896-195B-49D6-A6CC-E39AF276C142}.Debug|Any CPU.Build.0 = Debug|Any CPU
		{001F4896-195B-49D6-A6CC-E39AF276C142}.Release|Any CPU.ActiveCfg = Release|Any CPU
		{001F4896-195B-49D6-A6CC-E39AF276C142}.Release|Any CPU.Build.0 = Release|Any CPU
		{2C4C1352-62D5-47DE-8396-82E72821DEBD}.Debug|Any CPU.ActiveCfg = Debug|Any CPU
		{2C4C1352-62D5-47DE-8396-82E72821DEBD}.Debug|Any CPU.Build.0 = Debug|Any CPU
		{2C4C1352-62D5-47DE-8396-82E72821DEBD}.Release|Any CPU.ActiveCfg = Release|Any CPU
		{2C4C1352-62D5-47DE-8396-82E72821DEBD}.Release|Any CPU.Build.0 = Release|Any CPU
		{DD2ED98E-102F-412F-B542-31690EF8C866}.Debug|Any CPU.ActiveCfg = Debug|Any CPU
		{DD2ED98E-102F-412F-B542-31690EF8C866}.Debug|Any CPU.Build.0 = Debug|Any CPU
		{DD2ED98E-102F-412F-B542-31690EF8C866}.Release|Any CPU.ActiveCfg = Release|Any CPU
		{DD2ED98E-102F-412F-B542-31690EF8C866}.Release|Any CPU.Build.0 = Release|Any CPU
		{DB8E69C9-6B45-C2A7-B707-5E0EBBB953E7}.Debug|Any CPU.ActiveCfg = Debug|Any CPU
		{DB8E69C9-6B45-C2A7-B707-5E0EBBB953E7}.Debug|Any CPU.Build.0 = Debug|Any CPU
		{DB8E69C9-6B45-C2A7-B707-5E0EBBB953E7}.Release|Any CPU.ActiveCfg = Release|Any CPU
		{DB8E69C9-6B45-C2A7-B707-5E0EBBB953E7}.Release|Any CPU.Build.0 = Release|Any CPU
		{2BB70950-295D-56AF-1E97-C102EB7E7DF9}.Debug|Any CPU.ActiveCfg = Debug|Any CPU
		{2BB70950-295D-56AF-1E97-C102EB7E7DF9}.Debug|Any CPU.Build.0 = Debug|Any CPU
		{2BB70950-295D-56AF-1E97-C102EB7E7DF9}.Release|Any CPU.ActiveCfg = Release|Any CPU
		{2BB70950-295D-56AF-1E97-C102EB7E7DF9}.Release|Any CPU.Build.0 = Release|Any CPU
	EndGlobalSection
	GlobalSection(SolutionProperties) = preSolution
		HideSolutionNode = FALSE
	EndGlobalSection
	GlobalSection(NestedProjects) = preSolution
		{DE2DF261-B21E-4DE8-B99B-278123976865} = {F4F7782B-DCFE-42B3-858D-FA3128522281}
		{A7531831-B3A0-45EB-83F0-EA6D6505A64B} = {F4F7782B-DCFE-42B3-858D-FA3128522281}
		{A06FEBA7-A957-43D2-A21D-2AD81263FE4F} = {F4F7782B-DCFE-42B3-858D-FA3128522281}
		{AF47F0AC-FAB4-4144-9A22-9A7DCBA250F3} = {32220EBE-E6DB-4396-A34F-F1B75E953D81}
		{FD133176-4CC5-401F-8DE3-1FB252ADDBFB} = {32220EBE-E6DB-4396-A34F-F1B75E953D81}
		{0430F2C4-76BA-456B-B248-5663A064C9DD} = {32220EBE-E6DB-4396-A34F-F1B75E953D81}
		{5808749B-4AEC-421B-828C-61C10B1DEF40} = {32220EBE-E6DB-4396-A34F-F1B75E953D81}
		{F4F7782B-DCFE-42B3-858D-FA3128522281} = {02EA681E-C7D8-13C7-8484-4AC65E1B71E8}
		{32220EBE-E6DB-4396-A34F-F1B75E953D81} = {02EA681E-C7D8-13C7-8484-4AC65E1B71E8}
		{B1ADAD9E-C4BF-44C9-AE63-21759F9E6543} = {02EA681E-C7D8-13C7-8484-4AC65E1B71E8}
		{79CCD8EE-79A7-4497-9AAA-9DF2F50D829A} = {B1ADAD9E-C4BF-44C9-AE63-21759F9E6543}
		{48A081BA-54E3-4800-B41C-31196FBD6D14} = {B1ADAD9E-C4BF-44C9-AE63-21759F9E6543}
		{83C2E452-7D83-47DD-9393-7FD0895DDBE3} = {B1ADAD9E-C4BF-44C9-AE63-21759F9E6543}
		{74F968EB-7B70-4711-8154-E08BC0C45DE5} = {B1ADAD9E-C4BF-44C9-AE63-21759F9E6543}
		{FF209191-13FA-460F-8245-D7CD9AFFE420} = {B1ADAD9E-C4BF-44C9-AE63-21759F9E6543}
		{D76F18E8-8AA2-433C-998C-ADC315CCCDC0} = {02EA681E-C7D8-13C7-8484-4AC65E1B71E8}
		{310A768C-3D41-4300-A0FE-065BE9229A78} = {D76F18E8-8AA2-433C-998C-ADC315CCCDC0}
		{5574FFCE-C337-4DFA-9B11-CA2841E1D504} = {D76F18E8-8AA2-433C-998C-ADC315CCCDC0}
		{C7D57D45-8B43-4E49-80A0-0A2AFF98DC4D} = {D76F18E8-8AA2-433C-998C-ADC315CCCDC0}
		{001F4896-195B-49D6-A6CC-E39AF276C142} = {D76F18E8-8AA2-433C-998C-ADC315CCCDC0}
		{0BA4E2DF-BA98-48D8-8B20-2BE955C0CC71} = {02EA681E-C7D8-13C7-8484-4AC65E1B71E8}
		{2C4C1352-62D5-47DE-8396-82E72821DEBD} = {0BA4E2DF-BA98-48D8-8B20-2BE955C0CC71}
		{DD2ED98E-102F-412F-B542-31690EF8C866} = {0BA4E2DF-BA98-48D8-8B20-2BE955C0CC71}
		{DB8E69C9-6B45-C2A7-B707-5E0EBBB953E7} = {A48765CD-FCB8-405B-9EB1-C22AEFD31ABC}
		{2BB70950-295D-56AF-1E97-C102EB7E7DF9} = {A48765CD-FCB8-405B-9EB1-C22AEFD31ABC}
	EndGlobalSection
	GlobalSection(ExtensibilityGlobals) = postSolution
		SolutionGuid = {AD9560DF-2F4E-4B09-8CA2-6F9480163C32}
	EndGlobalSection
EndGlobal
