
Microsoft Visual Studio Solution File, Format Version 12.00
# Visual Studio Version 17
VisualStudioVersion = 17.14.36518.9
MinimumVisualStudioVersion = 10.0.40219.1
Project("{2150E333-8FDC-42A3-9474-1A3956D46DE8}") = "Array", "Array", "{02EA681E-C7D8-13C7-8484-4AC65E1B71E8}"
EndProject
Project("{FAE04EC0-301F-11D3-BF4B-00C04F79EFBC}") = "ArrayTest", "LeetArrayTest\ArrayTest.csproj", "{3DAAB066-978E-4C03-82E0-475F0530F2F6}"
EndProject
Project("{FAE04EC0-301F-11D3-BF4B-00C04F79EFBC}") = "PointerTest", "LeetPointerTest\PointerTest.csproj", "{1D774978-26E5-444D-8B9C-22FE07626464}"
EndProject
Project("{FAE04EC0-301F-11D3-BF4B-00C04F79EFBC}") = "HashmapTest", "LeetHashmapTest\HashmapTest.csproj", "{6D6EDDC1-52A9-4E03-9EFF-F10EE1254C90}"
EndProject
Project("{FAE04EC0-301F-11D3-BF4B-00C04F79EFBC}") = "IntervalsTest", "LeetIntervalsTest\IntervalsTest.csproj", "{EAD7A531-BF59-4910-82EF-3C5DFECA915B}"
EndProject
Project("{FAE04EC0-301F-11D3-BF4B-00C04F79EFBC}") = "StackTest", "LeetStackTest\StackTest.csproj", "{32FDE8A2-8774-4FE6-B27A-9745ED6D4D27}"
EndProject
Project("{FAE04EC0-301F-11D3-BF4B-00C04F79EFBC}") = "LinkedListTest", "LeetLinkedListTest\LinkedListTest.csproj", "{31FB0CB6-F440-4C00-B608-DA867029A473}"
EndProject
Project("{FAE04EC0-301F-11D3-BF4B-00C04F79EFBC}") = "BinaryTreeGeneralTest", "LeetBinaryTreeGeneralTests\BinaryTreeGeneralTest.csproj", "{4CA739E0-B2FE-4807-9E37-13A6B912F679}"
EndProject
Project("{FAE04EC0-301F-11D3-BF4B-00C04F79EFBC}") = "BinaryTreeBFSTest", "BinaryTreeBFSTest\BinaryTreeBFSTest.csproj", "{EDFC1965-3D9E-410F-B8E3-6AE29E70864A}"
EndProject
Project("{2150E333-8FDC-42A3-9474-1A3956D46DE8}") = "WebScraping", "WebScraping", "{8D27C6B7-DB0A-4D28-B394-F147C8AD3E2E}"
EndProject
Project("{FAE04EC0-301F-11D3-BF4B-00C04F79EFBC}") = "ScrapeWebPages", "ScrapeWebPages\ScrapeWebPages.csproj", "{D002F51A-6DEC-4DAB-A43C-A6A43998E9C2}"
EndProject
Project("{FAE04EC0-301F-11D3-BF4B-00C04F79EFBC}") = "BinarySearchTreeTest", "BinarySearchTreeTest\BinarySearchTreeTest.csproj", "{E6853B87-493F-410E-91F8-CED30917A493}"
EndProject
Project("{FAE04EC0-301F-11D3-BF4B-00C04F79EFBC}") = "DivideAndConquerTest", "DivideAndConquer\DivideAndConquerTest.csproj", "{D685B069-A159-445F-A96D-C2F7EB61C152}"
EndProject
Project("{FAE04EC0-301F-11D3-BF4B-00C04F79EFBC}") = "BinarySearchTest", "BinarySearchTest\BinarySearchTest.csproj", "{9F6E719A-E279-456E-9925-21DE0D36330B}"
EndProject
Project("{FAE04EC0-301F-11D3-BF4B-00C04F79EFBC}") = "BitManuipulationTest", "BitManuipulationTest\BitManuipulationTest.csproj", "{D074F921-0EF2-4EA7-B08A-3F6E52E8DF08}"
EndProject
Project("{FAE04EC0-301F-11D3-BF4B-00C04F79EFBC}") = "MathTest", "MathTest\MathTest.csproj", "{60241E8B-A921-47B4-B170-D526A84B0D1C}"
EndProject
Project("{FAE04EC0-301F-11D3-BF4B-00C04F79EFBC}") = "1DDPTest", "1DDPTest\1DDPTest.csproj", "{FC7596C2-43BF-43B1-822F-3A08F6FFBD1E}"
EndProject
Global
	GlobalSection(SolutionConfigurationPlatforms) = preSolution
		Debug|Any CPU = Debug|Any CPU
		Release|Any CPU = Release|Any CPU
	EndGlobalSection
	GlobalSection(ProjectConfigurationPlatforms) = postSolution
		{3DAAB066-978E-4C03-82E0-475F0530F2F6}.Debug|Any CPU.ActiveCfg = Debug|Any CPU
		{3DAAB066-978E-4C03-82E0-475F0530F2F6}.Debug|Any CPU.Build.0 = Debug|Any CPU
		{3DAAB066-978E-4C03-82E0-475F0530F2F6}.Release|Any CPU.ActiveCfg = Release|Any CPU
		{3DAAB066-978E-4C03-82E0-475F0530F2F6}.Release|Any CPU.Build.0 = Release|Any CPU
		{1D774978-26E5-444D-8B9C-22FE07626464}.Debug|Any CPU.ActiveCfg = Debug|Any CPU
		{1D774978-26E5-444D-8B9C-22FE07626464}.Debug|Any CPU.Build.0 = Debug|Any CPU
		{1D774978-26E5-444D-8B9C-22FE07626464}.Release|Any CPU.ActiveCfg = Release|Any CPU
		{1D774978-26E5-444D-8B9C-22FE07626464}.Release|Any CPU.Build.0 = Release|Any CPU
		{6D6EDDC1-52A9-4E03-9EFF-F10EE1254C90}.Debug|Any CPU.ActiveCfg = Debug|Any CPU
		{6D6EDDC1-52A9-4E03-9EFF-F10EE1254C90}.Debug|Any CPU.Build.0 = Debug|Any CPU
		{6D6EDDC1-52A9-4E03-9EFF-F10EE1254C90}.Release|Any CPU.ActiveCfg = Release|Any CPU
		{6D6EDDC1-52A9-4E03-9EFF-F10EE1254C90}.Release|Any CPU.Build.0 = Release|Any CPU
		{EAD7A531-BF59-4910-82EF-3C5DFECA915B}.Debug|Any CPU.ActiveCfg = Debug|Any CPU
		{EAD7A531-BF59-4910-82EF-3C5DFECA915B}.Debug|Any CPU.Build.0 = Debug|Any CPU
		{EAD7A531-BF59-4910-82EF-3C5DFECA915B}.Release|Any CPU.ActiveCfg = Release|Any CPU
		{EAD7A531-BF59-4910-82EF-3C5DFECA915B}.Release|Any CPU.Build.0 = Release|Any CPU
		{32FDE8A2-8774-4FE6-B27A-9745ED6D4D27}.Debug|Any CPU.ActiveCfg = Debug|Any CPU
		{32FDE8A2-8774-4FE6-B27A-9745ED6D4D27}.Debug|Any CPU.Build.0 = Debug|Any CPU
		{32FDE8A2-8774-4FE6-B27A-9745ED6D4D27}.Release|Any CPU.ActiveCfg = Release|Any CPU
		{32FDE8A2-8774-4FE6-B27A-9745ED6D4D27}.Release|Any CPU.Build.0 = Release|Any CPU
		{31FB0CB6-F440-4C00-B608-DA867029A473}.Debug|Any CPU.ActiveCfg = Debug|Any CPU
		{31FB0CB6-F440-4C00-B608-DA867029A473}.Debug|Any CPU.Build.0 = Debug|Any CPU
		{31FB0CB6-F440-4C00-B608-DA867029A473}.Release|Any CPU.ActiveCfg = Release|Any CPU
		{31FB0CB6-F440-4C00-B608-DA867029A473}.Release|Any CPU.Build.0 = Release|Any CPU
		{4CA739E0-B2FE-4807-9E37-13A6B912F679}.Debug|Any CPU.ActiveCfg = Debug|Any CPU
		{4CA739E0-B2FE-4807-9E37-13A6B912F679}.Debug|Any CPU.Build.0 = Debug|Any CPU
		{4CA739E0-B2FE-4807-9E37-13A6B912F679}.Release|Any CPU.ActiveCfg = Release|Any CPU
		{4CA739E0-B2FE-4807-9E37-13A6B912F679}.Release|Any CPU.Build.0 = Release|Any CPU
		{EDFC1965-3D9E-410F-B8E3-6AE29E70864A}.Debug|Any CPU.ActiveCfg = Debug|Any CPU
		{EDFC1965-3D9E-410F-B8E3-6AE29E70864A}.Debug|Any CPU.Build.0 = Debug|Any CPU
		{EDFC1965-3D9E-410F-B8E3-6AE29E70864A}.Release|Any CPU.ActiveCfg = Release|Any CPU
		{EDFC1965-3D9E-410F-B8E3-6AE29E70864A}.Release|Any CPU.Build.0 = Release|Any CPU
		{D002F51A-6DEC-4DAB-A43C-A6A43998E9C2}.Debug|Any CPU.ActiveCfg = Debug|Any CPU
		{D002F51A-6DEC-4DAB-A43C-A6A43998E9C2}.Debug|Any CPU.Build.0 = Debug|Any CPU
		{D002F51A-6DEC-4DAB-A43C-A6A43998E9C2}.Release|Any CPU.ActiveCfg = Release|Any CPU
		{D002F51A-6DEC-4DAB-A43C-A6A43998E9C2}.Release|Any CPU.Build.0 = Release|Any CPU
		{E6853B87-493F-410E-91F8-CED30917A493}.Debug|Any CPU.ActiveCfg = Debug|Any CPU
		{E6853B87-493F-410E-91F8-CED30917A493}.Debug|Any CPU.Build.0 = Debug|Any CPU
		{E6853B87-493F-410E-91F8-CED30917A493}.Release|Any CPU.ActiveCfg = Release|Any CPU
		{E6853B87-493F-410E-91F8-CED30917A493}.Release|Any CPU.Build.0 = Release|Any CPU
		{D685B069-A159-445F-A96D-C2F7EB61C152}.Debug|Any CPU.ActiveCfg = Debug|Any CPU
		{D685B069-A159-445F-A96D-C2F7EB61C152}.Debug|Any CPU.Build.0 = Debug|Any CPU
		{D685B069-A159-445F-A96D-C2F7EB61C152}.Release|Any CPU.ActiveCfg = Release|Any CPU
		{D685B069-A159-445F-A96D-C2F7EB61C152}.Release|Any CPU.Build.0 = Release|Any CPU
		{9F6E719A-E279-456E-9925-21DE0D36330B}.Debug|Any CPU.ActiveCfg = Debug|Any CPU
		{9F6E719A-E279-456E-9925-21DE0D36330B}.Debug|Any CPU.Build.0 = Debug|Any CPU
		{9F6E719A-E279-456E-9925-21DE0D36330B}.Release|Any CPU.ActiveCfg = Release|Any CPU
		{9F6E719A-E279-456E-9925-21DE0D36330B}.Release|Any CPU.Build.0 = Release|Any CPU
		{D074F921-0EF2-4EA7-B08A-3F6E52E8DF08}.Debug|Any CPU.ActiveCfg = Debug|Any CPU
		{D074F921-0EF2-4EA7-B08A-3F6E52E8DF08}.Debug|Any CPU.Build.0 = Debug|Any CPU
		{D074F921-0EF2-4EA7-B08A-3F6E52E8DF08}.Release|Any CPU.ActiveCfg = Release|Any CPU
		{D074F921-0EF2-4EA7-B08A-3F6E52E8DF08}.Release|Any CPU.Build.0 = Release|Any CPU
		{60241E8B-A921-47B4-B170-D526A84B0D1C}.Debug|Any CPU.ActiveCfg = Debug|Any CPU
		{60241E8B-A921-47B4-B170-D526A84B0D1C}.Debug|Any CPU.Build.0 = Debug|Any CPU
		{60241E8B-A921-47B4-B170-D526A84B0D1C}.Release|Any CPU.ActiveCfg = Release|Any CPU
		{60241E8B-A921-47B4-B170-D526A84B0D1C}.Release|Any CPU.Build.0 = Release|Any CPU
		{FC7596C2-43BF-43B1-822F-3A08F6FFBD1E}.Debug|Any CPU.ActiveCfg = Debug|Any CPU
		{FC7596C2-43BF-43B1-822F-3A08F6FFBD1E}.Debug|Any CPU.Build.0 = Debug|Any CPU
		{FC7596C2-43BF-43B1-822F-3A08F6FFBD1E}.Release|Any CPU.ActiveCfg = Release|Any CPU
		{FC7596C2-43BF-43B1-822F-3A08F6FFBD1E}.Release|Any CPU.Build.0 = Release|Any CPU
	EndGlobalSection
	GlobalSection(SolutionProperties) = preSolution
		HideSolutionNode = FALSE
	EndGlobalSection
	GlobalSection(NestedProjects) = preSolution
		{3DAAB066-978E-4C03-82E0-475F0530F2F6} = {02EA681E-C7D8-13C7-8484-4AC65E1B71E8}
		{1D774978-26E5-444D-8B9C-22FE07626464} = {02EA681E-C7D8-13C7-8484-4AC65E1B71E8}
		{6D6EDDC1-52A9-4E03-9EFF-F10EE1254C90} = {02EA681E-C7D8-13C7-8484-4AC65E1B71E8}
		{EAD7A531-BF59-4910-82EF-3C5DFECA915B} = {02EA681E-C7D8-13C7-8484-4AC65E1B71E8}
		{32FDE8A2-8774-4FE6-B27A-9745ED6D4D27} = {02EA681E-C7D8-13C7-8484-4AC65E1B71E8}
		{31FB0CB6-F440-4C00-B608-DA867029A473} = {02EA681E-C7D8-13C7-8484-4AC65E1B71E8}
		{4CA739E0-B2FE-4807-9E37-13A6B912F679} = {02EA681E-C7D8-13C7-8484-4AC65E1B71E8}
		{EDFC1965-3D9E-410F-B8E3-6AE29E70864A} = {02EA681E-C7D8-13C7-8484-4AC65E1B71E8}
		{D002F51A-6DEC-4DAB-A43C-A6A43998E9C2} = {8D27C6B7-DB0A-4D28-B394-F147C8AD3E2E}
		{E6853B87-493F-410E-91F8-CED30917A493} = {02EA681E-C7D8-13C7-8484-4AC65E1B71E8}
		{D685B069-A159-445F-A96D-C2F7EB61C152} = {02EA681E-C7D8-13C7-8484-4AC65E1B71E8}
		{9F6E719A-E279-456E-9925-21DE0D36330B} = {02EA681E-C7D8-13C7-8484-4AC65E1B71E8}
		{D074F921-0EF2-4EA7-B08A-3F6E52E8DF08} = {02EA681E-C7D8-13C7-8484-4AC65E1B71E8}
		{60241E8B-A921-47B4-B170-D526A84B0D1C} = {02EA681E-C7D8-13C7-8484-4AC65E1B71E8}
		{FC7596C2-43BF-43B1-822F-3A08F6FFBD1E} = {02EA681E-C7D8-13C7-8484-4AC65E1B71E8}
	EndGlobalSection
	GlobalSection(ExtensibilityGlobals) = postSolution
		SolutionGuid = {11B72831-49B5-4637-89BB-ECCDD992E24D}
	EndGlobalSection
EndGlobal
