
Microsoft Visual Studio Solution File, Format Version 12.00
# Visual Studio Version 17
VisualStudioVersion = 17.14.36518.9
MinimumVisualStudioVersion = 10.0.40219.1
Project("{2150E333-8FDC-42A3-9474-1A3956D46DE8}") = "Array", "Array", "{02EA681E-C7D8-13C7-8484-4AC65E1B71E8}"
EndProject
Project("{FAE04EC0-301F-11D3-BF4B-00C04F79EFBC}") = "LeetArrayTest", "LeetArrayTest\LeetArrayTest.csproj", "{3DAAB066-978E-4C03-82E0-475F0530F2F6}"
EndProject
Project("{FAE04EC0-301F-11D3-BF4B-00C04F79EFBC}") = "LeetPointerTest", "LeetPointerTest\LeetPointerTest.csproj", "{1D774978-26E5-444D-8B9C-22FE07626464}"
EndProject
Project("{FAE04EC0-301F-11D3-BF4B-00C04F79EFBC}") = "LeetHashmapTest", "LeetHashmapTest\LeetHashmapTest.csproj", "{6D6EDDC1-52A9-4E03-9EFF-F10EE1254C90}"
EndProject
Project("{FAE04EC0-301F-11D3-BF4B-00C04F79EFBC}") = "LeetIntervalsTest", "LeetIntervalsTest\LeetIntervalsTest.csproj", "{EAD7A531-BF59-4910-82EF-3C5DFECA915B}"
EndProject
Project("{FAE04EC0-301F-11D3-BF4B-00C04F79EFBC}") = "LeetStackTest", "LeetStackTest\LeetStackTest.csproj", "{32FDE8A2-8774-4FE6-B27A-9745ED6D4D27}"
EndProject
Project("{FAE04EC0-301F-11D3-BF4B-00C04F79EFBC}") = "LeetLinkedListTest", "LeetLinkedListTest\LeetLinkedListTest.csproj", "{31FB0CB6-F440-4C00-B608-DA867029A473}"
EndProject
Global
	GlobalSection(SolutionConfigurationPlatforms) = preSolution
		Debug|Any CPU = Debug|Any CPU
		Release|Any CPU = Release|Any CPU
	EndGlobalSection
	GlobalSection(ProjectConfigurationPlatforms) = postSolution
		{3DAAB066-978E-4C03-82E0-475F0530F2F6}.Debug|Any CPU.ActiveCfg = Debug|Any CPU
		{3DAAB066-978E-4C03-82E0-475F0530F2F6}.Debug|Any CPU.Build.0 = Debug|Any CPU
		{3DAAB066-978E-4C03-82E0-475F0530F2F6}.Release|Any CPU.ActiveCfg = Release|Any CPU
		{3DAAB066-978E-4C03-82E0-475F0530F2F6}.Release|Any CPU.Build.0 = Release|Any CPU
		{1D774978-26E5-444D-8B9C-22FE07626464}.Debug|Any CPU.ActiveCfg = Debug|Any CPU
		{1D774978-26E5-444D-8B9C-22FE07626464}.Debug|Any CPU.Build.0 = Debug|Any CPU
		{1D774978-26E5-444D-8B9C-22FE07626464}.Release|Any CPU.ActiveCfg = Release|Any CPU
		{1D774978-26E5-444D-8B9C-22FE07626464}.Release|Any CPU.Build.0 = Release|Any CPU
		{6D6EDDC1-52A9-4E03-9EFF-F10EE1254C90}.Debug|Any CPU.ActiveCfg = Debug|Any CPU
		{6D6EDDC1-52A9-4E03-9EFF-F10EE1254C90}.Debug|Any CPU.Build.0 = Debug|Any CPU
		{6D6EDDC1-52A9-4E03-9EFF-F10EE1254C90}.Release|Any CPU.ActiveCfg = Release|Any CPU
		{6D6EDDC1-52A9-4E03-9EFF-F10EE1254C90}.Release|Any CPU.Build.0 = Release|Any CPU
		{EAD7A531-BF59-4910-82EF-3C5DFECA915B}.Debug|Any CPU.ActiveCfg = Debug|Any CPU
		{EAD7A531-BF59-4910-82EF-3C5DFECA915B}.Debug|Any CPU.Build.0 = Debug|Any CPU
		{EAD7A531-BF59-4910-82EF-3C5DFECA915B}.Release|Any CPU.ActiveCfg = Release|Any CPU
		{EAD7A531-BF59-4910-82EF-3C5DFECA915B}.Release|Any CPU.Build.0 = Release|Any CPU
		{32FDE8A2-8774-4FE6-B27A-9745ED6D4D27}.Debug|Any CPU.ActiveCfg = Debug|Any CPU
		{32FDE8A2-8774-4FE6-B27A-9745ED6D4D27}.Debug|Any CPU.Build.0 = Debug|Any CPU
		{32FDE8A2-8774-4FE6-B27A-9745ED6D4D27}.Release|Any CPU.ActiveCfg = Release|Any CPU
		{32FDE8A2-8774-4FE6-B27A-9745ED6D4D27}.Release|Any CPU.Build.0 = Release|Any CPU
		{31FB0CB6-F440-4C00-B608-DA867029A473}.Debug|Any CPU.ActiveCfg = Debug|Any CPU
		{31FB0CB6-F440-4C00-B608-DA867029A473}.Debug|Any CPU.Build.0 = Debug|Any CPU
		{31FB0CB6-F440-4C00-B608-DA867029A473}.Release|Any CPU.ActiveCfg = Release|Any CPU
		{31FB0CB6-F440-4C00-B608-DA867029A473}.Release|Any CPU.Build.0 = Release|Any CPU
	EndGlobalSection
	GlobalSection(SolutionProperties) = preSolution
		HideSolutionNode = FALSE
	EndGlobalSection
	GlobalSection(NestedProjects) = preSolution
		{3DAAB066-978E-4C03-82E0-475F0530F2F6} = {02EA681E-C7D8-13C7-8484-4AC65E1B71E8}
		{1D774978-26E5-444D-8B9C-22FE07626464} = {02EA681E-C7D8-13C7-8484-4AC65E1B71E8}
		{6D6EDDC1-52A9-4E03-9EFF-F10EE1254C90} = {02EA681E-C7D8-13C7-8484-4AC65E1B71E8}
		{EAD7A531-BF59-4910-82EF-3C5DFECA915B} = {02EA681E-C7D8-13C7-8484-4AC65E1B71E8}
		{32FDE8A2-8774-4FE6-B27A-9745ED6D4D27} = {02EA681E-C7D8-13C7-8484-4AC65E1B71E8}
		{31FB0CB6-F440-4C00-B608-DA867029A473} = {02EA681E-C7D8-13C7-8484-4AC65E1B71E8}
	EndGlobalSection
	GlobalSection(ExtensibilityGlobals) = postSolution
		SolutionGuid = {11B72831-49B5-4637-89BB-ECCDD992E24D}
	EndGlobalSection
EndGlobal
