
Microsoft Visual Studio Solution File, Format Version 12.00
# Visual Studio Version 17
VisualStudioVersion = 17.14.36414.22
MinimumVisualStudioVersion = 10.0.40219.1
Project("{FAE04EC0-301F-11D3-BF4B-00C04F79EFBC}") = "LearnMethods", "LearnMethods\LearnMethods.csproj", "{6E6E3B2D-E2FF-4102-A750-E99D6AF71A8A}"
EndProject
Project("{FAE04EC0-301F-11D3-BF4B-00C04F79EFBC}") = "TicTacToe", "TicTacToe\TicTacToe.csproj", "{0A81D64B-5AA3-4F99-98CF-A41AB42058A3}"
EndProject
Project("{FAE04EC0-301F-11D3-BF4B-00C04F79EFBC}") = "CardDealer", "DrawCards\CardDealer.csproj", "{005BDD0C-5DC5-43D7-9FB5-BC6C5D2E1567}"
EndProject
Project("{FAE04EC0-301F-11D3-BF4B-00C04F79EFBC}") = "DeckLibrary", "DeckLibrary\DeckLibrary.csproj", "{66C3D15D-55E9-459D-B86F-8F0EDFF501B8}"
EndProject
Global
	GlobalSection(SolutionConfigurationPlatforms) = preSolution
		Debug|Any CPU = Debug|Any CPU
		Release|Any CPU = Release|Any CPU
	EndGlobalSection
	GlobalSection(ProjectConfigurationPlatforms) = postSolution
		{6E6E3B2D-E2FF-4102-A750-E99D6AF71A8A}.Debug|Any CPU.ActiveCfg = Debug|Any CPU
		{6E6E3B2D-E2FF-4102-A750-E99D6AF71A8A}.Debug|Any CPU.Build.0 = Debug|Any CPU
		{6E6E3B2D-E2FF-4102-A750-E99D6AF71A8A}.Release|Any CPU.ActiveCfg = Release|Any CPU
		{6E6E3B2D-E2FF-4102-A750-E99D6AF71A8A}.Release|Any CPU.Build.0 = Release|Any CPU
		{0A81D64B-5AA3-4F99-98CF-A41AB42058A3}.Debug|Any CPU.ActiveCfg = Debug|Any CPU
		{0A81D64B-5AA3-4F99-98CF-A41AB42058A3}.Debug|Any CPU.Build.0 = Debug|Any CPU
		{0A81D64B-5AA3-4F99-98CF-A41AB42058A3}.Release|Any CPU.ActiveCfg = Release|Any CPU
		{0A81D64B-5AA3-4F99-98CF-A41AB42058A3}.Release|Any CPU.Build.0 = Release|Any CPU
		{005BDD0C-5DC5-43D7-9FB5-BC6C5D2E1567}.Debug|Any CPU.ActiveCfg = Debug|Any CPU
		{005BDD0C-5DC5-43D7-9FB5-BC6C5D2E1567}.Debug|Any CPU.Build.0 = Debug|Any CPU
		{005BDD0C-5DC5-43D7-9FB5-BC6C5D2E1567}.Release|Any CPU.ActiveCfg = Release|Any CPU
		{005BDD0C-5DC5-43D7-9FB5-BC6C5D2E1567}.Release|Any CPU.Build.0 = Release|Any CPU
		{66C3D15D-55E9-459D-B86F-8F0EDFF501B8}.Debug|Any CPU.ActiveCfg = Debug|Any CPU
		{66C3D15D-55E9-459D-B86F-8F0EDFF501B8}.Debug|Any CPU.Build.0 = Debug|Any CPU
		{66C3D15D-55E9-459D-B86F-8F0EDFF501B8}.Release|Any CPU.ActiveCfg = Release|Any CPU
		{66C3D15D-55E9-459D-B86F-8F0EDFF501B8}.Release|Any CPU.Build.0 = Release|Any CPU
	EndGlobalSection
	GlobalSection(SolutionProperties) = preSolution
		HideSolutionNode = FALSE
	EndGlobalSection
	GlobalSection(ExtensibilityGlobals) = postSolution
		SolutionGuid = {3385336C-564C-4410-AE6D-7A783A4100A6}
	EndGlobalSection
EndGlobal
