
Microsoft Visual Studio Solution File, Format Version 12.00
# Visual Studio Version 17
VisualStudioVersion = 17.14.36310.24
MinimumVisualStudioVersion = 10.0.40219.1
Project("{FAE04EC0-301F-11D3-BF4B-00C04F79EFBC}") = "tests", "tests\tests.csproj", "{19C920B7-71BD-4F89-88C7-8277F2F58E5E}"
EndProject
Project("{FAE04EC0-301F-11D3-BF4B-00C04F79EFBC}") = "LearnControls", "LearnControls\LearnControls.csproj", "{9053A8AF-F957-4AD8-9F32-C30B04601E5F}"
EndProject
Project("{FAE04EC0-301F-11D3-BF4B-00C04F79EFBC}") = "WPFSample", "WPFSample\WPFSample.csproj", "{51B363B6-2FAF-4283-8A31-358F451AA1EA}"
EndProject
Global
	GlobalSection(SolutionConfigurationPlatforms) = preSolution
		Debug|Any CPU = Debug|Any CPU
		Release|Any CPU = Release|Any CPU
	EndGlobalSection
	GlobalSection(ProjectConfigurationPlatforms) = postSolution
		{19C920B7-71BD-4F89-88C7-8277F2F58E5E}.Debug|Any CPU.ActiveCfg = Debug|Any CPU
		{19C920B7-71BD-4F89-88C7-8277F2F58E5E}.Debug|Any CPU.Build.0 = Debug|Any CPU
		{19C920B7-71BD-4F89-88C7-8277F2F58E5E}.Release|Any CPU.ActiveCfg = Release|Any CPU
		{19C920B7-71BD-4F89-88C7-8277F2F58E5E}.Release|Any CPU.Build.0 = Release|Any CPU
		{9053A8AF-F957-4AD8-9F32-C30B04601E5F}.Debug|Any CPU.ActiveCfg = Debug|Any CPU
		{9053A8AF-F957-4AD8-9F32-C30B04601E5F}.Debug|Any CPU.Build.0 = Debug|Any CPU
		{9053A8AF-F957-4AD8-9F32-C30B04601E5F}.Release|Any CPU.ActiveCfg = Release|Any CPU
		{9053A8AF-F957-4AD8-9F32-C30B04601E5F}.Release|Any CPU.Build.0 = Release|Any CPU
		{51B363B6-2FAF-4283-8A31-358F451AA1EA}.Debug|Any CPU.ActiveCfg = Debug|Any CPU
		{51B363B6-2FAF-4283-8A31-358F451AA1EA}.Debug|Any CPU.Build.0 = Debug|Any CPU
		{51B363B6-2FAF-4283-8A31-358F451AA1EA}.Release|Any CPU.ActiveCfg = Release|Any CPU
		{51B363B6-2FAF-4283-8A31-358F451AA1EA}.Release|Any CPU.Build.0 = Release|Any CPU
	EndGlobalSection
	GlobalSection(SolutionProperties) = preSolution
		HideSolutionNode = FALSE
	EndGlobalSection
	GlobalSection(ExtensibilityGlobals) = postSolution
		SolutionGuid = {84C2CFC3-B335-484B-A266-C871CD4E0668}
	EndGlobalSection
EndGlobal
